
Microsoft Visual Studio Solution File, Format Version 12.00
# Visual Studio Version 17
VisualStudioVersion = 17.4.33205.214
MinimumVisualStudioVersion = 10.0.40219.1
Project("{FAE04EC0-301F-11D3-BF4B-00C04F79EFBC}") = "NZWalks.API", "NZWalks.API\NZWalks.API.csproj", "{547B305C-3502-441B-B796-F47FA4CB06A6}"
EndProject
Global
	GlobalSection(SolutionConfigurationPlatforms) = preSolution
		Debug|Any CPU = Debug|Any CPU
		Release|Any CPU = Release|Any CPU
	EndGlobalSection
	GlobalSection(ProjectConfigurationPlatforms) = postSolution
		{547B305C-3502-441B-B796-F47FA4CB06A6}.Debug|Any CPU.ActiveCfg = Debug|Any CPU
		{547B305C-3502-441B-B796-F47FA4CB06A6}.Debug|Any CPU.Build.0 = Debug|Any CPU
		{547B305C-3502-441B-B796-F47FA4CB06A6}.Release|Any CPU.ActiveCfg = Release|Any CPU
		{547B305C-3502-441B-B796-F47FA4CB06A6}.Release|Any CPU.Build.0 = Release|Any CPU
	EndGlobalSection
	GlobalSection(SolutionProperties) = preSolution
		HideSolutionNode = FALSE
	EndGlobalSection
	GlobalSection(ExtensibilityGlobals) = postSolution
		SolutionGuid = {75DBDDC8-1395-4E47-B143-418A16B4C1C2}
	EndGlobalSection
EndGlobal
